
Microsoft Visual Studio Solution File, Format Version 12.00
# Visual Studio Version 17
VisualStudioVersion = 17.1.32414.318
MinimumVisualStudioVersion = 10.0.40219.1
Project("{2150E333-8FDC-42A3-9474-1A3956D46DE8}") = "Solution Items", "Solution Items", "{AC5329FC-F5B4-4E13-843D-1718E9A0A2DA}"
	ProjectSection(SolutionItems) = preProject
		.github\workflows\gh-actions.yml = .github\workflows\gh-actions.yml
		README.md = README.md
	EndProjectSection
EndProject
Project("{9A19103F-16F7-4668-BE54-9A1E7A4F7556}") = "RandomTestValues", "RandomTestValues\RandomTestValues.csproj", "{09B79972-0851-40AD-A13B-8ACF4A4FE515}"
EndProject
Project("{9A19103F-16F7-4668-BE54-9A1E7A4F7556}") = "RandomTestValues.UnitTests", "RandomTestValues.UnitTests\RandomTestValues.UnitTests.csproj", "{BCD941FD-0A5A-473E-89DF-2C18772EEB0D}"
EndProject
Global
	GlobalSection(SolutionConfigurationPlatforms) = preSolution
		Debug|Any CPU = Debug|Any CPU
		Release|Any CPU = Release|Any CPU
	EndGlobalSection
	GlobalSection(ProjectConfigurationPlatforms) = postSolution
		{09B79972-0851-40AD-A13B-8ACF4A4FE515}.Debug|Any CPU.ActiveCfg = Debug|Any CPU
		{09B79972-0851-40AD-A13B-8ACF4A4FE515}.Debug|Any CPU.Build.0 = Debug|Any CPU
		{09B79972-0851-40AD-A13B-8ACF4A4FE515}.Release|Any CPU.ActiveCfg = Release|Any CPU
		{09B79972-0851-40AD-A13B-8ACF4A4FE515}.Release|Any CPU.Build.0 = Release|Any CPU
		{BCD941FD-0A5A-473E-89DF-2C18772EEB0D}.Debug|Any CPU.ActiveCfg = Debug|Any CPU
		{BCD941FD-0A5A-473E-89DF-2C18772EEB0D}.Debug|Any CPU.Build.0 = Debug|Any CPU
		{BCD941FD-0A5A-473E-89DF-2C18772EEB0D}.Release|Any CPU.ActiveCfg = Release|Any CPU
		{BCD941FD-0A5A-473E-89DF-2C18772EEB0D}.Release|Any CPU.Build.0 = Release|Any CPU
	EndGlobalSection
	GlobalSection(SolutionProperties) = preSolution
		HideSolutionNode = FALSE
	EndGlobalSection
	GlobalSection(ExtensibilityGlobals) = postSolution
		SolutionGuid = {4379159F-822A-4E1A-B690-0A8410050C36}
	EndGlobalSection
EndGlobal
